{
 "requires": true,
 "lockfileVersion": 1,
 "dependencies": {
  "@types/orderedmap": {
   "version": "1.0.0",
   "resolved": "https://registry.npmjs.org/@types/orderedmap/-/orderedmap-1.0.0.tgz",
   "integrity": "sha512-dxKo80TqYx3YtBipHwA/SdFmMMyLCnP+5mkEqN0eMjcTBzHkiiX0ES118DsjDBjvD+zeSsSU9jULTZ+frog+Gw==",
   "dev": true
  },
  "@types/prosemirror-collab": {
   "version": "1.1.1",
   "resolved": "https://registry.npmjs.org/@types/prosemirror-collab/-/prosemirror-collab-1.1.1.tgz",
   "integrity": "sha512-6rdyuycOInGo7wq50K9Wa5McCZ/BEigj83fdjekUrNAkAbIgIGyHtu5+xc4wGlgwUfrDS7cVyjt63Nc8sRJZ9g==",
   "dev": true,
   "requires": {
    "@types/prosemirror-model": "*",
    "@types/prosemirror-state": "*",
    "@types/prosemirror-transform": "*"
   }
  },
  "@types/prosemirror-model": {
   "version": "1.11.3",
   "resolved": "https://registry.npmjs.org/@types/prosemirror-model/-/prosemirror-model-1.11.3.tgz",
   "integrity": "sha512-tUnOUwwiyIFN18mdXkT9D7xIqCeszu6ePa3s0/uGCgtW009l9AaNRep69L7BORWHGCAvYVaqYB0cybSHXs4MuQ==",
   "dev": true,
   "requires": {
    "@types/orderedmap": "*"
   }
  },
  "@types/prosemirror-schema-basic": {
   "version": "1.0.2",
   "resolved": "https://registry.npmjs.org/@types/prosemirror-schema-basic/-/prosemirror-schema-basic-1.0.2.tgz",
   "integrity": "sha512-dzT/6t+dq8/On1be0yarcOIu8wROjhK8QB5wslpLbtTIr5wb0iQv/esJm/KAHcD/PBXR9nSV4TL5AtQmBrcRnw==",
   "dev": true,
   "requires": {
    "@types/prosemirror-model": "*"
   }
  },
  "@types/prosemirror-schema-list": {
   "version": "1.0.3",
   "resolved": "https://registry.npmjs.org/@types/prosemirror-schema-list/-/prosemirror-schema-list-1.0.3.tgz",
   "integrity": "sha512-uWybOf+M2Ea7rlbs0yLsS4YJYNGXYtn4N+w8HCw3Vvfl6wBAROzlMt0gV/D/VW/7J/LlAjwMezuGe8xi24HzXA==",
   "dev": true,
   "requires": {
    "@types/orderedmap": "*",
    "@types/prosemirror-model": "*",
    "@types/prosemirror-state": "*"
   }
  },
  "@types/prosemirror-state": {
   "version": "1.2.6",
   "resolved": "https://registry.npmjs.org/@types/prosemirror-state/-/prosemirror-state-1.2.6.tgz",
   "integrity": "sha512-tJo0wC+/cQvbrPDVx01Fnng9Fs41bAMVxgJY1KLOyIsUPN0otUN1KdoQurLMmHNHTvIna9ZXxjZD//xJKLYfJw==",
   "dev": true,
   "requires": {
    "@types/prosemirror-model": "*",
    "@types/prosemirror-transform": "*",
    "@types/prosemirror-view": "*"
   }
  },
  "@types/prosemirror-transform": {
   "version": "1.1.2",
   "resolved": "https://registry.npmjs.org/@types/prosemirror-transform/-/prosemirror-transform-1.1.2.tgz",
   "integrity": "sha512-Ozyvs5Dquc49gaFysmC4gNhv6E65r569HSzw4RXdZgIljZ5Y9K4kHFlDvsWBBDH19+1178X9LMmM9J620O6Bug==",
   "dev": true,
   "requires": {
    "@types/prosemirror-model": "*"
   }
  },
  "@types/prosemirror-view": {
   "version": "1.17.1",
   "resolved": "https://registry.npmjs.org/@types/prosemirror-view/-/prosemirror-view-1.17.1.tgz",
   "integrity": "sha512-PNiGGc6BffxHQzMR09UUilsBR8xFPDsKiPIXb4K/g56voPIvqq1pqySnWFfSR50Vo4ZL0tss3VBLWiiiKzVahQ==",
   "dev": true,
   "requires": {
    "@types/prosemirror-model": "*",
    "@types/prosemirror-state": "*",
    "@types/prosemirror-transform": "*"
   }
  },
  "esbuild": {
   "version": "0.8.51",
   "resolved": "https://registry.npmjs.org/esbuild/-/esbuild-0.8.51.tgz",
   "integrity": "sha512-MVIom8fgL1+B6iGqWtrG7QJ1gqd64BycxounlsX1kR/IcIITaSlTo7gghKpg4a+bnxkpo0dwcikuvk4MVSA9ww==",
   "dev": true
  },
  "orderedmap": {
   "version": "1.1.1",
   "resolved": "https://registry.npmjs.org/orderedmap/-/orderedmap-1.1.1.tgz",
   "integrity": "sha512-3Ux8um0zXbVacKUkcytc0u3HgC0b0bBLT+I60r2J/En72cI0nZffqrA7Xtf2Hqs27j1g82llR5Mhbd0Z1XW4AQ==",
   "dev": true
  },
  "prosemirror-collab": {
   "version": "1.2.2",
   "resolved": "https://registry.npmjs.org/prosemirror-collab/-/prosemirror-collab-1.2.2.tgz",
   "integrity": "sha512-tBnHKMLgy5Qmx9MYVcLfs3pAyjtcqYYDd9kp3y+LSiQzkhMQDfZSV3NXWe4Gsly32adSef173BvObwfoSQL5MA==",
   "dev": true,
   "requires": {
    "prosemirror-state": "^1.0.0"
   }
  },
  "prosemirror-model": {
   "version": "1.13.3",
   "resolved": "https://registry.npmjs.org/prosemirror-model/-/prosemirror-model-1.13.3.tgz",
   "integrity": "sha512-wujIYYQEcxdkbKmIJiekVjqtylKxuoEcc+w2PnN7Itc58m/75J4rCUz2dibygVQJFi3gZrD2DNFLjOS6LP4w1g==",
   "dev": true,
   "requires": {
    "orderedmap": "^1.1.0"
   }
  },
  "prosemirror-schema-basic": {
   "version": "1.1.2",
   "resolved": "https://registry.npmjs.org/prosemirror-schema-basic/-/prosemirror-schema-basic-1.1.2.tgz",
   "integrity": "sha512-G4q8WflNsR1Q33QAV4MQO0xWrHLOJ+BQcKswGXMy626wlQj6c/1n1v4eC9ns+h2y1r/fJHZEgSZnsNhm9lbrDw==",
   "dev": true,
   "requires": {
    "prosemirror-model": "^1.2.0"
   }
  },
  "prosemirror-schema-list": {
   "version": "1.1.4",
   "resolved": "https://registry.npmjs.org/prosemirror-schema-list/-/prosemirror-schema-list-1.1.4.tgz",
   "integrity": "sha512-pNTuZflacFOBlxrTcWSdWhjoB8BaucwfJVp/gJNxztOwaN3wQiC65axclXyplf6TKgXD/EkWfS/QAov3/Znadw==",
   "dev": true,
   "requires": {
    "prosemirror-model": "^1.0.0",
    "prosemirror-transform": "^1.0.0"
   }
  },
  "prosemirror-state": {
   "version": "1.3.4",
   "resolved": "https://registry.npmjs.org/prosemirror-state/-/prosemirror-state-1.3.4.tgz",
   "integrity": "sha512-Xkkrpd1y/TQ6HKzN3agsQIGRcLckUMA9u3j207L04mt8ToRgpGeyhbVv0HI7omDORIBHjR29b7AwlATFFf2GLA==",
   "dev": true,
   "requires": {
    "prosemirror-model": "^1.0.0",
    "prosemirror-transform": "^1.0.0"
   }
  },
  "prosemirror-transform": {
   "version": "1.2.12",
   "resolved": "https://registry.npmjs.org/prosemirror-transform/-/prosemirror-transform-1.2.12.tgz",
   "integrity": "sha512-S73syqLcGBq6QiPaF7vriB8kpvK/aIFsnErrriKaFLSiE/GxMgBc62TPhNQAeGQr7/9GCDApIReTsJFcMt4o2w==",
   "dev": true,
   "requires": {
    "prosemirror-model": "^1.0.0"
   }
  },
  "typescript": {
   "version": "4.1.5",
   "resolved": "https://registry.npmjs.org/typescript/-/typescript-4.1.5.tgz",
   "integrity": "sha512-6OSu9PTIzmn9TCDiovULTnET6BgXtDYL4Gg4szY+cGsc3JP1dQL8qvE8kShTRx1NIw4Q9IBHlwODjkjWEtMUyA==",
   "dev": true
  }
 }
}
